
Microsoft Visual Studio Solution File, Format Version 12.00
# Visual Studio Version 16
VisualStudioVersion = 16.0.35026.282
MinimumVisualStudioVersion = 10.0.40219.1
Project("{FAE04EC0-301F-11D3-BF4B-00C04F79EFBC}") = "testing", "testing.csproj", "{0FA312E5-08C4-4B66-A4E9-8CD0456D6A62}"
EndProject
Global
	GlobalSection(SolutionConfigurationPlatforms) = preSolution
		Debug|Any CPU = Debug|Any CPU
		Release|Any CPU = Release|Any CPU
	EndGlobalSection
	GlobalSection(ProjectConfigurationPlatforms) = postSolution
		{0FA312E5-08C4-4B66-A4E9-8CD0456D6A62}.Debug|Any CPU.ActiveCfg = Debug|Any CPU
		{0FA312E5-08C4-4B66-A4E9-8CD0456D6A62}.Debug|Any CPU.Build.0 = Debug|Any CPU
		{0FA312E5-08C4-4B66-A4E9-8CD0456D6A62}.Release|Any CPU.ActiveCfg = Release|Any CPU
		{0FA312E5-08C4-4B66-A4E9-8CD0456D6A62}.Release|Any CPU.Build.0 = Release|Any CPU
	EndGlobalSection
	GlobalSection(SolutionProperties) = preSolution
		HideSolutionNode = FALSE
	EndGlobalSection
	GlobalSection(ExtensibilityGlobals) = postSolution
		SolutionGuid = {6B3DFD76-0BD8-4571-A0D0-076AC05E3198}
	EndGlobalSection
EndGlobal
