
Microsoft Visual Studio Solution File, Format Version 12.00
# Visual Studio Version 17
VisualStudioVersion = 17.10.35027.167
MinimumVisualStudioVersion = 10.0.40219.1
Project("{FAE04EC0-301F-11D3-BF4B-00C04F79EFBC}") = "FunctionApp1", "FunctionApp1.csproj", "{C2EFF96F-9EBF-4831-98D7-8396FD4D075B}"
EndProject
Global
	GlobalSection(SolutionConfigurationPlatforms) = preSolution
		Debug|Any CPU = Debug|Any CPU
		Release|Any CPU = Release|Any CPU
	EndGlobalSection
	GlobalSection(ProjectConfigurationPlatforms) = postSolution
		{C2EFF96F-9EBF-4831-98D7-8396FD4D075B}.Debug|Any CPU.ActiveCfg = Debug|Any CPU
		{C2EFF96F-9EBF-4831-98D7-8396FD4D075B}.Debug|Any CPU.Build.0 = Debug|Any CPU
		{C2EFF96F-9EBF-4831-98D7-8396FD4D075B}.Release|Any CPU.ActiveCfg = Release|Any CPU
		{C2EFF96F-9EBF-4831-98D7-8396FD4D075B}.Release|Any CPU.Build.0 = Release|Any CPU
	EndGlobalSection
	GlobalSection(SolutionProperties) = preSolution
		HideSolutionNode = FALSE
	EndGlobalSection
	GlobalSection(ExtensibilityGlobals) = postSolution
		SolutionGuid = {A30ACB51-A6D5-4285-A99C-5C22FD124D67}
	EndGlobalSection
EndGlobal
